{
  "originHash" : "5fdfe48001ec9270f523296bb07696c525da68412b4311316766541057fcdc34",
  "pins" : [
    {
      "identity" : "sentry-cocoa",
      "kind" : "remoteSourceControl",
      "location" : "https://github.com/getsentry/sentry-cocoa/",
      "state" : {
        "revision" : "0b8ba88f5fd70062887d55f87a970c59b1ceebcf",
        "version" : "8.39.0"
      }
    }
  ],
  "version" : 3
}
