// !$*UTF8*$!
{
	archiveVersion = 1;
	classes = {
	};
	objectVersion = 70;
	objects = {

/* Begin PBXBuildFile section */
		26A59C612CEEEEE700A88DC1 /* (null) in Frameworks */ = {isa = PBXBuildFile; };
		26A59C622CEEEEE700A88DC1 /* (null) in Frameworks */ = {isa = PBXBuildFile; };
		26B3DF9B2BC08D7600B5DCB8 /* flashUITests.swift in Sources */ = {isa = PBXBuildFile; fileRef = 26B3DF9A2BC08D7600B5DCB8 /* flashUITests.swift */; };
		26B3DF9D2BC08D7600B5DCB8 /* flashUITestsLaunchTests.swift in Sources */ = {isa = PBXBuildFile; fileRef = 26B3DF9C2BC08D7600B5DCB8 /* flashUITestsLaunchTests.swift */; };
		A4B94918AC054CDE9138C639 /* Sentry in Frameworks */ = {isa = PBXBuildFile; productRef = BBE78868AE644863AC1EA5C4 /* Sentry */; };
/* End PBXBuildFile section */

/* Begin PBXContainerItemProxy section */
		26B3DF8D2BC08D7600B5DCB8 /* PBXContainerItemProxy */ = {
			isa = PBXContainerItemProxy;
			containerPortal = 26B3DF742BC08D7400B5DCB8 /* Project object */;
			proxyType = 1;
			remoteGlobalIDString = 26B3DF7B2BC08D7400B5DCB8;
			remoteInfo = flash;
		};
		26B3DF972BC08D7600B5DCB8 /* PBXContainerItemProxy */ = {
			isa = PBXContainerItemProxy;
			containerPortal = 26B3DF742BC08D7400B5DCB8 /* Project object */;
			proxyType = 1;
			remoteGlobalIDString = 26B3DF7B2BC08D7400B5DCB8;
			remoteInfo = flash;
		};
/* End PBXContainerItemProxy section */

/* Begin PBXFileReference section */
		26B3DF7C2BC08D7400B5DCB8 /* flash.app */ = {isa = PBXFileReference; explicitFileType = wrapper.application; includeInIndex = 0; path = flash.app; sourceTree = BUILT_PRODUCTS_DIR; };
		26B3DF8C2BC08D7600B5DCB8 /* flashTests.xctest */ = {isa = PBXFileReference; explicitFileType = wrapper.cfbundle; includeInIndex = 0; path = flashTests.xctest; sourceTree = BUILT_PRODUCTS_DIR; };
		26B3DF962BC08D7600B5DCB8 /* flashUITests.xctest */ = {isa = PBXFileReference; explicitFileType = wrapper.cfbundle; includeInIndex = 0; path = flashUITests.xctest; sourceTree = BUILT_PRODUCTS_DIR; };
		26B3DF9A2BC08D7600B5DCB8 /* flashUITests.swift */ = {isa = PBXFileReference; lastKnownFileType = sourcecode.swift; path = flashUITests.swift; sourceTree = "<group>"; };
		26B3DF9C2BC08D7600B5DCB8 /* flashUITestsLaunchTests.swift */ = {isa = PBXFileReference; lastKnownFileType = sourcecode.swift; path = flashUITestsLaunchTests.swift; sourceTree = "<group>"; };
/* End PBXFileReference section */

/* Begin PBXFileSystemSynchronizedBuildFileExceptionSet section */
		26F1A0012FE7A2C000000001 /* PBXFileSystemSynchronizedBuildFileExceptionSet */ = {
			isa = PBXFileSystemSynchronizedBuildFileExceptionSet;
			membershipExceptions = (
				Info.plist,
			);
			target = 26B3DF7B2BC08D7400B5DCB8 /* flash */;
		};
/* End PBXFileSystemSynchronizedBuildFileExceptionSet section */

/* Begin PBXFileSystemSynchronizedRootGroup section */
		26B3DF7E2BC08D7400B5DCB8 /* flash */ = {isa = PBXFileSystemSynchronizedRootGroup; exceptions = (26F1A0012FE7A2C000000001 /* PBXFileSystemSynchronizedBuildFileExceptionSet */, ); explicitFileTypes = {}; explicitFolders = (); path = flash; sourceTree = "<group>"; };
		26B3DF8F2BC08D7600B5DCB8 /* flashTests */ = {isa = PBXFileSystemSynchronizedRootGroup; explicitFileTypes = {}; explicitFolders = (); path = flashTests; sourceTree = "<group>"; };
/* End PBXFileSystemSynchronizedRootGroup section */

/* Begin PBXFrameworksBuildPhase section */
		26B3DF792BC08D7400B5DCB8 /* Frameworks */ = {
			isa = PBXFrameworksBuildPhase;
			buildActionMask = 2147483647;
			files = (
				A4B94918AC054CDE9138C639 /* Sentry in Frameworks */,
			);
			runOnlyForDeploymentPostprocessing = 0;
		};
		26B3DF892BC08D7600B5DCB8 /* Frameworks */ = {
			isa = PBXFrameworksBuildPhase;
			buildActionMask = 2147483647;
			files = (
				26A59C612CEEEEE700A88DC1 /* (null) in Frameworks */,
			);
			runOnlyForDeploymentPostprocessing = 0;
		};
		26B3DF932BC08D7600B5DCB8 /* Frameworks */ = {
			isa = PBXFrameworksBuildPhase;
			buildActionMask = 2147483647;
			files = (
				26A59C622CEEEEE700A88DC1 /* (null) in Frameworks */,
			);
			runOnlyForDeploymentPostprocessing = 0;
		};
/* End PBXFrameworksBuildPhase section */

/* Begin PBXGroup section */
		26B3DF732BC08D7400B5DCB8 = {
			isa = PBXGroup;
			children = (
				26B3DF7E2BC08D7400B5DCB8 /* flash */,
				26B3DF8F2BC08D7600B5DCB8 /* flashTests */,
				26B3DF992BC08D7600B5DCB8 /* flashUITests */,
				26B3DF7D2BC08D7400B5DCB8 /* Products */,
				26EA4C762C024EFB002A522C /* Frameworks */,
			);
			sourceTree = "<group>";
		};
		26B3DF7D2BC08D7400B5DCB8 /* Products */ = {
			isa = PBXGroup;
			children = (
				26B3DF7C2BC08D7400B5DCB8 /* flash.app */,
				26B3DF8C2BC08D7600B5DCB8 /* flashTests.xctest */,
				26B3DF962BC08D7600B5DCB8 /* flashUITests.xctest */,
			);
			name = Products;
			sourceTree = "<group>";
		};
		26B3DF992BC08D7600B5DCB8 /* flashUITests */ = {
			isa = PBXGroup;
			children = (
				26B3DF9A2BC08D7600B5DCB8 /* flashUITests.swift */,
				26B3DF9C2BC08D7600B5DCB8 /* flashUITestsLaunchTests.swift */,
			);
			path = flashUITests;
			sourceTree = "<group>";
		};
		26EA4C762C024EFB002A522C /* Frameworks */ = {
			isa = PBXGroup;
			children = (
			);
			name = Frameworks;
			sourceTree = "<group>";
		};
/* End PBXGroup section */

/* Begin PBXNativeTarget section */
		26B3DF7B2BC08D7400B5DCB8 /* flash */ = {
			isa = PBXNativeTarget;
			buildConfigurationList = 26B3DFA02BC08D7600B5DCB8 /* Build configuration list for PBXNativeTarget "flash" */;
			buildPhases = (
				26B3DF782BC08D7400B5DCB8 /* Sources */,
				26B3DF792BC08D7400B5DCB8 /* Frameworks */,
				26B3DF7A2BC08D7400B5DCB8 /* Resources */,
				D923061BD3F34108AE74C8F5 /* Upload Debug Symbols to Sentry */,
			);
			buildRules = (
			);
			dependencies = (
			);
			fileSystemSynchronizedGroups = (
				26B3DF7E2BC08D7400B5DCB8 /* flash */,
			);
			name = flash;
			packageProductDependencies = (
				BBE78868AE644863AC1EA5C4 /* Sentry */,
			);
			productName = flash;
			productReference = 26B3DF7C2BC08D7400B5DCB8 /* flash.app */;
			productType = "com.apple.product-type.application";
		};
		26B3DF8B2BC08D7600B5DCB8 /* flashTests */ = {
			isa = PBXNativeTarget;
			buildConfigurationList = 26B3DFA32BC08D7600B5DCB8 /* Build configuration list for PBXNativeTarget "flashTests" */;
			buildPhases = (
				26B3DF882BC08D7600B5DCB8 /* Sources */,
				26B3DF892BC08D7600B5DCB8 /* Frameworks */,
				26B3DF8A2BC08D7600B5DCB8 /* Resources */,
			);
			buildRules = (
			);
			dependencies = (
				26B3DF8E2BC08D7600B5DCB8 /* PBXTargetDependency */,
			);
			fileSystemSynchronizedGroups = (
				26B3DF8F2BC08D7600B5DCB8 /* flashTests */,
			);
			name = flashTests;
			productName = flashTests;
			productReference = 26B3DF8C2BC08D7600B5DCB8 /* flashTests.xctest */;
			productType = "com.apple.product-type.bundle.unit-test";
		};
		26B3DF952BC08D7600B5DCB8 /* flashUITests */ = {
			isa = PBXNativeTarget;
			buildConfigurationList = 26B3DFA62BC08D7600B5DCB8 /* Build configuration list for PBXNativeTarget "flashUITests" */;
			buildPhases = (
				26B3DF922BC08D7600B5DCB8 /* Sources */,
				26B3DF932BC08D7600B5DCB8 /* Frameworks */,
				26B3DF942BC08D7600B5DCB8 /* Resources */,
			);
			buildRules = (
			);
			dependencies = (
				26B3DF982BC08D7600B5DCB8 /* PBXTargetDependency */,
			);
			name = flashUITests;
			productName = flashUITests;
			productReference = 26B3DF962BC08D7600B5DCB8 /* flashUITests.xctest */;
			productType = "com.apple.product-type.bundle.ui-testing";
		};
/* End PBXNativeTarget section */

/* Begin PBXProject section */
		26B3DF742BC08D7400B5DCB8 /* Project object */ = {
			isa = PBXProject;
			attributes = {
				BuildIndependentTargetsInParallel = 1;
				LastSwiftUpdateCheck = 1530;
				LastUpgradeCheck = 1530;
				TargetAttributes = {
					26B3DF7B2BC08D7400B5DCB8 = {
						CreatedOnToolsVersion = 15.3;
					};
					26B3DF8B2BC08D7600B5DCB8 = {
						CreatedOnToolsVersion = 15.3;
						TestTargetID = 26B3DF7B2BC08D7400B5DCB8;
					};
					26B3DF952BC08D7600B5DCB8 = {
						CreatedOnToolsVersion = 15.3;
						TestTargetID = 26B3DF7B2BC08D7400B5DCB8;
					};
				};
			};
			buildConfigurationList = 26B3DF772BC08D7400B5DCB8 /* Build configuration list for PBXProject "flash" */;
			compatibilityVersion = "Xcode 14.0";
			developmentRegion = en;
			hasScannedForEncodings = 0;
			knownRegions = (
				en,
				Base,
			);
			mainGroup = 26B3DF732BC08D7400B5DCB8;
			packageReferences = (
				E340D52599F942A1998AA4F3 /* XCRemoteSwiftPackageReference "sentry-cocoa" */,
			);
			productRefGroup = 26B3DF7D2BC08D7400B5DCB8 /* Products */;
			projectDirPath = "";
			projectRoot = "";
			targets = (
				26B3DF7B2BC08D7400B5DCB8 /* flash */,
				26B3DF8B2BC08D7600B5DCB8 /* flashTests */,
				26B3DF952BC08D7600B5DCB8 /* flashUITests */,
			);
		};
/* End PBXProject section */

/* Begin PBXResourcesBuildPhase section */
		26B3DF7A2BC08D7400B5DCB8 /* Resources */ = {
			isa = PBXResourcesBuildPhase;
			buildActionMask = 2147483647;
			files = (
			);
			runOnlyForDeploymentPostprocessing = 0;
		};
		26B3DF8A2BC08D7600B5DCB8 /* Resources */ = {
			isa = PBXResourcesBuildPhase;
			buildActionMask = 2147483647;
			files = (
			);
			runOnlyForDeploymentPostprocessing = 0;
		};
		26B3DF942BC08D7600B5DCB8 /* Resources */ = {
			isa = PBXResourcesBuildPhase;
			buildActionMask = 2147483647;
			files = (
			);
			runOnlyForDeploymentPostprocessing = 0;
		};
/* End PBXResourcesBuildPhase section */

/* Begin PBXShellScriptBuildPhase section */
		D923061BD3F34108AE74C8F5 /* Upload Debug Symbols to Sentry */ = {
			isa = PBXShellScriptBuildPhase;
			buildActionMask = 2147483647;
			files = (
			);
			inputPaths = (
				"${DWARF_DSYM_FOLDER_PATH}/${DWARF_DSYM_FILE_NAME}/Contents/Resources/DWARF/${TARGET_NAME}",
			);
			name = "Upload Debug Symbols to Sentry";
			outputPaths = (
			);
			runOnlyForDeploymentPostprocessing = 0;
			shellPath = /bin/sh;
			shellScript = "# This script is responsable to upload debug symbols and source context for Sentry.\nif which sentry-cli >/dev/null; then\nexport SENTRY_ORG=dev-kettle\nexport SENTRY_PROJECT=apple-ios\nERROR=$(sentry-cli debug-files upload --include-sources \"$DWARF_DSYM_FOLDER_PATH\" 2>&1 >/dev/null)\nif [ ! $? -eq 0 ]; then\necho \"warning: sentry-cli - $ERROR\"\nfi\nelse\necho \"warning: sentry-cli not installed, download from https://github.com/getsentry/sentry-cli/releases\"\nfi\n";
		};
/* End PBXShellScriptBuildPhase section */

/* Begin PBXSourcesBuildPhase section */
		26B3DF782BC08D7400B5DCB8 /* Sources */ = {
			isa = PBXSourcesBuildPhase;
			buildActionMask = 2147483647;
			files = (
			);
			runOnlyForDeploymentPostprocessing = 0;
		};
		26B3DF882BC08D7600B5DCB8 /* Sources */ = {
			isa = PBXSourcesBuildPhase;
			buildActionMask = 2147483647;
			files = (
			);
			runOnlyForDeploymentPostprocessing = 0;
		};
		26B3DF922BC08D7600B5DCB8 /* Sources */ = {
			isa = PBXSourcesBuildPhase;
			buildActionMask = 2147483647;
			files = (
				26B3DF9B2BC08D7600B5DCB8 /* flashUITests.swift in Sources */,
				26B3DF9D2BC08D7600B5DCB8 /* flashUITestsLaunchTests.swift in Sources */,
			);
			runOnlyForDeploymentPostprocessing = 0;
		};
/* End PBXSourcesBuildPhase section */

/* Begin PBXTargetDependency section */
		26B3DF8E2BC08D7600B5DCB8 /* PBXTargetDependency */ = {
			isa = PBXTargetDependency;
			target = 26B3DF7B2BC08D7400B5DCB8 /* flash */;
			targetProxy = 26B3DF8D2BC08D7600B5DCB8 /* PBXContainerItemProxy */;
		};
		26B3DF982BC08D7600B5DCB8 /* PBXTargetDependency */ = {
			isa = PBXTargetDependency;
			target = 26B3DF7B2BC08D7400B5DCB8 /* flash */;
			targetProxy = 26B3DF972BC08D7600B5DCB8 /* PBXContainerItemProxy */;
		};
/* End PBXTargetDependency section */

/* Begin XCBuildConfiguration section */
		26B3DF9E2BC08D7600B5DCB8 /* Debug */ = {
			isa = XCBuildConfiguration;
			buildSettings = {
				ALWAYS_SEARCH_USER_PATHS = NO;
				ASSETCATALOG_COMPILER_GENERATE_SWIFT_ASSET_SYMBOL_EXTENSIONS = YES;
				CLANG_ANALYZER_NONNULL = YES;
				CLANG_ANALYZER_NUMBER_OBJECT_CONVERSION = YES_AGGRESSIVE;
				CLANG_CXX_LANGUAGE_STANDARD = "gnu++20";
				CLANG_ENABLE_MODULES = YES;
				CLANG_ENABLE_OBJC_ARC = YES;
				CLANG_ENABLE_OBJC_WEAK = YES;
				CLANG_WARN_BLOCK_CAPTURE_AUTORELEASING = YES;
				CLANG_WARN_BOOL_CONVERSION = YES;
				CLANG_WARN_COMMA = YES;
				CLANG_WARN_CONSTANT_CONVERSION = YES;
				CLANG_WARN_DEPRECATED_OBJC_IMPLEMENTATIONS = YES;
				CLANG_WARN_DIRECT_OBJC_ISA_USAGE = YES_ERROR;
				CLANG_WARN_DOCUMENTATION_COMMENTS = YES;
				CLANG_WARN_EMPTY_BODY = YES;
				CLANG_WARN_ENUM_CONVERSION = YES;
				CLANG_WARN_INFINITE_RECURSION = YES;
				CLANG_WARN_INT_CONVERSION = YES;
				CLANG_WARN_NON_LITERAL_NULL_CONVERSION = YES;
				CLANG_WARN_OBJC_IMPLICIT_RETAIN_SELF = YES;
				CLANG_WARN_OBJC_LITERAL_CONVERSION = YES;
				CLANG_WARN_OBJC_ROOT_CLASS = YES_ERROR;
				CLANG_WARN_QUOTED_INCLUDE_IN_FRAMEWORK_HEADER = YES;
				CLANG_WARN_RANGE_LOOP_ANALYSIS = YES;
				CLANG_WARN_STRICT_PROTOTYPES = YES;
				CLANG_WARN_SUSPICIOUS_MOVE = YES;
				CLANG_WARN_UNGUARDED_AVAILABILITY = YES_AGGRESSIVE;
				CLANG_WARN_UNREACHABLE_CODE = YES;
				CLANG_WARN__DUPLICATE_METHOD_MATCH = YES;
				COPY_PHASE_STRIP = NO;
				DEBUG_INFORMATION_FORMAT = dwarf;
				ENABLE_STRICT_OBJC_MSGSEND = YES;
				ENABLE_TESTABILITY = YES;
				ENABLE_USER_SCRIPT_SANDBOXING = YES;
				GCC_C_LANGUAGE_STANDARD = gnu17;
				GCC_DYNAMIC_NO_PIC = NO;
				GCC_NO_COMMON_BLOCKS = YES;
				GCC_OPTIMIZATION_LEVEL = 0;
				GCC_PREPROCESSOR_DEFINITIONS = (
					"DEBUG=1",
					"$(inherited)",
				);
				GCC_WARN_64_TO_32_BIT_CONVERSION = YES;
				GCC_WARN_ABOUT_RETURN_TYPE = YES_ERROR;
				GCC_WARN_UNDECLARED_SELECTOR = YES;
				GCC_WARN_UNINITIALIZED_AUTOS = YES_AGGRESSIVE;
				GCC_WARN_UNUSED_FUNCTION = YES;
				GCC_WARN_UNUSED_VARIABLE = YES;
				IPHONEOS_DEPLOYMENT_TARGET = 17.4;
				LOCALIZATION_PREFERS_STRING_CATALOGS = YES;
				MTL_ENABLE_DEBUG_INFO = INCLUDE_SOURCE;
				MTL_FAST_MATH = YES;
				ONLY_ACTIVE_ARCH = YES;
				SDKROOT = iphoneos;
				SWIFT_ACTIVE_COMPILATION_CONDITIONS = "DEBUG $(inherited)";
				SWIFT_OPTIMIZATION_LEVEL = "-Onone";
			};
			name = Debug;
		};
		26B3DF9F2BC08D7600B5DCB8 /* Release */ = {
			isa = XCBuildConfiguration;
			buildSettings = {
				ALWAYS_SEARCH_USER_PATHS = NO;
				ASSETCATALOG_COMPILER_GENERATE_SWIFT_ASSET_SYMBOL_EXTENSIONS = YES;
				CLANG_ANALYZER_NONNULL = YES;
				CLANG_ANALYZER_NUMBER_OBJECT_CONVERSION = YES_AGGRESSIVE;
				CLANG_CXX_LANGUAGE_STANDARD = "gnu++20";
				CLANG_ENABLE_MODULES = YES;
				CLANG_ENABLE_OBJC_ARC = YES;
				CLANG_ENABLE_OBJC_WEAK = YES;
				CLANG_WARN_BLOCK_CAPTURE_AUTORELEASING = YES;
				CLANG_WARN_BOOL_CONVERSION = YES;
				CLANG_WARN_COMMA = YES;
				CLANG_WARN_CONSTANT_CONVERSION = YES;
				CLANG_WARN_DEPRECATED_OBJC_IMPLEMENTATIONS = YES;
				CLANG_WARN_DIRECT_OBJC_ISA_USAGE = YES_ERROR;
				CLANG_WARN_DOCUMENTATION_COMMENTS = YES;
				CLANG_WARN_EMPTY_BODY = YES;
				CLANG_WARN_ENUM_CONVERSION = YES;
				CLANG_WARN_INFINITE_RECURSION = YES;
				CLANG_WARN_INT_CONVERSION = YES;
				CLANG_WARN_NON_LITERAL_NULL_CONVERSION = YES;
				CLANG_WARN_OBJC_IMPLICIT_RETAIN_SELF = YES;
				CLANG_WARN_OBJC_LITERAL_CONVERSION = YES;
				CLANG_WARN_OBJC_ROOT_CLASS = YES_ERROR;
				CLANG_WARN_QUOTED_INCLUDE_IN_FRAMEWORK_HEADER = YES;
				CLANG_WARN_RANGE_LOOP_ANALYSIS = YES;
				CLANG_WARN_STRICT_PROTOTYPES = YES;
				CLANG_WARN_SUSPICIOUS_MOVE = YES;
				CLANG_WARN_UNGUARDED_AVAILABILITY = YES_AGGRESSIVE;
				CLANG_WARN_UNREACHABLE_CODE = YES;
				CLANG_WARN__DUPLICATE_METHOD_MATCH = YES;
				COPY_PHASE_STRIP = NO;
				DEBUG_INFORMATION_FORMAT = "dwarf-with-dsym";
				ENABLE_NS_ASSERTIONS = NO;
				ENABLE_STRICT_OBJC_MSGSEND = YES;
				ENABLE_USER_SCRIPT_SANDBOXING = YES;
				GCC_C_LANGUAGE_STANDARD = gnu17;
				GCC_NO_COMMON_BLOCKS = YES;
				GCC_WARN_64_TO_32_BIT_CONVERSION = YES;
				GCC_WARN_ABOUT_RETURN_TYPE = YES_ERROR;
				GCC_WARN_UNDECLARED_SELECTOR = YES;
				GCC_WARN_UNINITIALIZED_AUTOS = YES_AGGRESSIVE;
				GCC_WARN_UNUSED_FUNCTION = YES;
				GCC_WARN_UNUSED_VARIABLE = YES;
				IPHONEOS_DEPLOYMENT_TARGET = 17.4;
				LOCALIZATION_PREFERS_STRING_CATALOGS = YES;
				MTL_ENABLE_DEBUG_INFO = NO;
				MTL_FAST_MATH = YES;
				SDKROOT = iphoneos;
				SWIFT_COMPILATION_MODE = wholemodule;
				VALIDATE_PRODUCT = YES;
			};
			name = Release;
		};
		26B3DFA12BC08D7600B5DCB8 /* Debug */ = {
			isa = XCBuildConfiguration;
			buildSettings = {
				ASSETCATALOG_COMPILER_APPICON_NAME = AppIcon;
				ASSETCATALOG_COMPILER_GLOBAL_ACCENT_COLOR_NAME = AccentColor;
				CODE_SIGN_ENTITLEMENTS = flash/flash.entitlements;
				CODE_SIGN_STYLE = Automatic;
				CURRENT_PROJECT_VERSION = 1;
				DEBUG_INFORMATION_FORMAT = "dwarf-with-dsym";
				DEVELOPMENT_ASSET_PATHS = "\"flash/Preview Content\"";
				DEVELOPMENT_TEAM = 9XV626TK3D;
				ENABLE_PREVIEWS = YES;
				ENABLE_USER_SCRIPT_SANDBOXING = NO;
				GENERATE_INFOPLIST_FILE = YES;
				INFOPLIST_FILE = flash/Info.plist;
				INFOPLIST_KEY_LSApplicationCategoryType = "";
				INFOPLIST_KEY_NSHealthShareUsageDescription = "Please allow access to helath";
				INFOPLIST_KEY_UIApplicationSceneManifest_Generation = YES;
				INFOPLIST_KEY_UIApplicationSupportsIndirectInputEvents = YES;
				INFOPLIST_KEY_UILaunchScreen_Generation = YES;
				INFOPLIST_KEY_UISupportedInterfaceOrientations_iPad = "UIInterfaceOrientationPortrait UIInterfaceOrientationPortraitUpsideDown UIInterfaceOrientationLandscapeLeft UIInterfaceOrientationLandscapeRight";
				INFOPLIST_KEY_UISupportedInterfaceOrientations_iPhone = "UIInterfaceOrientationPortrait UIInterfaceOrientationLandscapeLeft UIInterfaceOrientationLandscapeRight";
				LD_RUNPATH_SEARCH_PATHS = (
					"$(inherited)",
					"@executable_path/Frameworks",
				);
				MARKETING_VERSION = 1.0;
				PRODUCT_BUNDLE_IDENTIFIER = abbe.ca.flash;
				PRODUCT_NAME = "$(TARGET_NAME)";
				SUPPORTED_PLATFORMS = "iphoneos iphonesimulator";
				SWIFT_EMIT_LOC_STRINGS = YES;
				SWIFT_VERSION = 5.0;
				TARGETED_DEVICE_FAMILY = "1,2";
			};
			name = Debug;
		};
		26B3DFA22BC08D7600B5DCB8 /* Release */ = {
			isa = XCBuildConfiguration;
			buildSettings = {
				ASSETCATALOG_COMPILER_APPICON_NAME = AppIcon;
				ASSETCATALOG_COMPILER_GLOBAL_ACCENT_COLOR_NAME = AccentColor;
				CODE_SIGN_ENTITLEMENTS = flash/flash.entitlements;
				CODE_SIGN_STYLE = Automatic;
				CURRENT_PROJECT_VERSION = 1;
				DEBUG_INFORMATION_FORMAT = "dwarf-with-dsym";
				DEVELOPMENT_ASSET_PATHS = "\"flash/Preview Content\"";
				DEVELOPMENT_TEAM = 9XV626TK3D;
				ENABLE_PREVIEWS = YES;
				ENABLE_USER_SCRIPT_SANDBOXING = NO;
				GENERATE_INFOPLIST_FILE = YES;
				INFOPLIST_FILE = flash/Info.plist;
				INFOPLIST_KEY_LSApplicationCategoryType = "";
				INFOPLIST_KEY_NSHealthShareUsageDescription = "Please allow access to helath";
				INFOPLIST_KEY_UIApplicationSceneManifest_Generation = YES;
				INFOPLIST_KEY_UIApplicationSupportsIndirectInputEvents = YES;
				INFOPLIST_KEY_UILaunchScreen_Generation = YES;
				INFOPLIST_KEY_UISupportedInterfaceOrientations_iPad = "UIInterfaceOrientationPortrait UIInterfaceOrientationPortraitUpsideDown UIInterfaceOrientationLandscapeLeft UIInterfaceOrientationLandscapeRight";
				INFOPLIST_KEY_UISupportedInterfaceOrientations_iPhone = "UIInterfaceOrientationPortrait UIInterfaceOrientationLandscapeLeft UIInterfaceOrientationLandscapeRight";
				LD_RUNPATH_SEARCH_PATHS = (
					"$(inherited)",
					"@executable_path/Frameworks",
				);
				MARKETING_VERSION = 1.0;
				PRODUCT_BUNDLE_IDENTIFIER = abbe.ca.flash;
				PRODUCT_NAME = "$(TARGET_NAME)";
				SUPPORTED_PLATFORMS = "iphoneos iphonesimulator";
				SWIFT_EMIT_LOC_STRINGS = YES;
				SWIFT_VERSION = 5.0;
				TARGETED_DEVICE_FAMILY = "1,2";
			};
			name = Release;
		};
		26B3DFA42BC08D7600B5DCB8 /* Debug */ = {
			isa = XCBuildConfiguration;
			buildSettings = {
				ALWAYS_EMBED_SWIFT_STANDARD_LIBRARIES = YES;
				BUNDLE_LOADER = "$(TEST_HOST)";
				CODE_SIGN_STYLE = Automatic;
				CURRENT_PROJECT_VERSION = 1;
				DEVELOPMENT_TEAM = 9XV626TK3D;
				GENERATE_INFOPLIST_FILE = YES;
				IPHONEOS_DEPLOYMENT_TARGET = 17.4;
				MARKETING_VERSION = 1.0;
				PRODUCT_BUNDLE_IDENTIFIER = abbe.ca.flashTests;
				PRODUCT_NAME = "$(TARGET_NAME)";
				SUPPORTED_PLATFORMS = "iphoneos iphonesimulator";
				SWIFT_EMIT_LOC_STRINGS = NO;
				SWIFT_VERSION = 5.0;
				TARGETED_DEVICE_FAMILY = "1,2";
				TEST_HOST = "$(BUILT_PRODUCTS_DIR)/flash.app/$(BUNDLE_EXECUTABLE_FOLDER_PATH)/flash";
			};
			name = Debug;
		};
		26B3DFA52BC08D7600B5DCB8 /* Release */ = {
			isa = XCBuildConfiguration;
			buildSettings = {
				ALWAYS_EMBED_SWIFT_STANDARD_LIBRARIES = YES;
				BUNDLE_LOADER = "$(TEST_HOST)";
				CODE_SIGN_STYLE = Automatic;
				CURRENT_PROJECT_VERSION = 1;
				DEVELOPMENT_TEAM = 9XV626TK3D;
				GENERATE_INFOPLIST_FILE = YES;
				IPHONEOS_DEPLOYMENT_TARGET = 17.4;
				MARKETING_VERSION = 1.0;
				PRODUCT_BUNDLE_IDENTIFIER = abbe.ca.flashTests;
				PRODUCT_NAME = "$(TARGET_NAME)";
				SUPPORTED_PLATFORMS = "iphoneos iphonesimulator";
				SWIFT_EMIT_LOC_STRINGS = NO;
				SWIFT_VERSION = 5.0;
				TARGETED_DEVICE_FAMILY = "1,2";
				TEST_HOST = "$(BUILT_PRODUCTS_DIR)/flash.app/$(BUNDLE_EXECUTABLE_FOLDER_PATH)/flash";
			};
			name = Release;
		};
		26B3DFA72BC08D7600B5DCB8 /* Debug */ = {
			isa = XCBuildConfiguration;
			buildSettings = {
				ALWAYS_EMBED_SWIFT_STANDARD_LIBRARIES = YES;
				CODE_SIGN_STYLE = Automatic;
				CURRENT_PROJECT_VERSION = 1;
				DEVELOPMENT_TEAM = 9XV626TK3D;
				GENERATE_INFOPLIST_FILE = YES;
				MARKETING_VERSION = 1.0;
				PRODUCT_BUNDLE_IDENTIFIER = abbe.ca.flashUITests;
				PRODUCT_NAME = "$(TARGET_NAME)";
				SUPPORTED_PLATFORMS = "iphoneos iphonesimulator";
				SWIFT_EMIT_LOC_STRINGS = NO;
				SWIFT_VERSION = 5.0;
				TARGETED_DEVICE_FAMILY = "1,2";
				TEST_TARGET_NAME = flash;
			};
			name = Debug;
		};
		26B3DFA82BC08D7600B5DCB8 /* Release */ = {
			isa = XCBuildConfiguration;
			buildSettings = {
				ALWAYS_EMBED_SWIFT_STANDARD_LIBRARIES = YES;
				CODE_SIGN_STYLE = Automatic;
				CURRENT_PROJECT_VERSION = 1;
				DEVELOPMENT_TEAM = 9XV626TK3D;
				GENERATE_INFOPLIST_FILE = YES;
				MARKETING_VERSION = 1.0;
				PRODUCT_BUNDLE_IDENTIFIER = abbe.ca.flashUITests;
				PRODUCT_NAME = "$(TARGET_NAME)";
				SUPPORTED_PLATFORMS = "iphoneos iphonesimulator";
				SWIFT_EMIT_LOC_STRINGS = NO;
				SWIFT_VERSION = 5.0;
				TARGETED_DEVICE_FAMILY = "1,2";
				TEST_TARGET_NAME = flash;
			};
			name = Release;
		};
/* End XCBuildConfiguration section */

/* Begin XCConfigurationList section */
		26B3DF772BC08D7400B5DCB8 /* Build configuration list for PBXProject "flash" */ = {
			isa = XCConfigurationList;
			buildConfigurations = (
				26B3DF9E2BC08D7600B5DCB8 /* Debug */,
				26B3DF9F2BC08D7600B5DCB8 /* Release */,
			);
			defaultConfigurationIsVisible = 0;
			defaultConfigurationName = Release;
		};
		26B3DFA02BC08D7600B5DCB8 /* Build configuration list for PBXNativeTarget "flash" */ = {
			isa = XCConfigurationList;
			buildConfigurations = (
				26B3DFA12BC08D7600B5DCB8 /* Debug */,
				26B3DFA22BC08D7600B5DCB8 /* Release */,
			);
			defaultConfigurationIsVisible = 0;
			defaultConfigurationName = Release;
		};
		26B3DFA32BC08D7600B5DCB8 /* Build configuration list for PBXNativeTarget "flashTests" */ = {
			isa = XCConfigurationList;
			buildConfigurations = (
				26B3DFA42BC08D7600B5DCB8 /* Debug */,
				26B3DFA52BC08D7600B5DCB8 /* Release */,
			);
			defaultConfigurationIsVisible = 0;
			defaultConfigurationName = Release;
		};
		26B3DFA62BC08D7600B5DCB8 /* Build configuration list for PBXNativeTarget "flashUITests" */ = {
			isa = XCConfigurationList;
			buildConfigurations = (
				26B3DFA72BC08D7600B5DCB8 /* Debug */,
				26B3DFA82BC08D7600B5DCB8 /* Release */,
			);
			defaultConfigurationIsVisible = 0;
			defaultConfigurationName = Release;
		};
/* End XCConfigurationList section */

/* Begin XCRemoteSwiftPackageReference section */
		E340D52599F942A1998AA4F3 /* XCRemoteSwiftPackageReference "sentry-cocoa" */ = {
			isa = XCRemoteSwiftPackageReference;
			repositoryURL = "https://github.com/getsentry/sentry-cocoa/";
			requirement = {
				kind = upToNextMajorVersion;
				minimumVersion = 8.0.0;
			};
		};
/* End XCRemoteSwiftPackageReference section */

/* Begin XCSwiftPackageProductDependency section */
		BBE78868AE644863AC1EA5C4 /* Sentry */ = {
			isa = XCSwiftPackageProductDependency;
			package = E340D52599F942A1998AA4F3 /* XCRemoteSwiftPackageReference "sentry-cocoa" */;
			productName = Sentry;
		};
/* End XCSwiftPackageProductDependency section */
	};
	rootObject = 26B3DF742BC08D7400B5DCB8 /* Project object */;
}
